
Microsoft Visual Studio Solution File, Format Version 12.00
# Visual Studio Version 16
VisualStudioVersion = 16.0.31129.286
MinimumVisualStudioVersion = 10.0.40219.1
Project("{FAE04EC0-301F-11D3-BF4B-00C04F79EFBC}") = "SayiTahminOyunu", "SayiTahminOyunu\SayiTahminOyunu.csproj", "{758DA380-6313-4035-B959-57E0DE5818C8}"
EndProject
Global
	GlobalSection(SolutionConfigurationPlatforms) = preSolution
		Debug|Any CPU = Debug|Any CPU
		Release|Any CPU = Release|Any CPU
	EndGlobalSection
	GlobalSection(ProjectConfigurationPlatforms) = postSolution
		{758DA380-6313-4035-B959-57E0DE5818C8}.Debug|Any CPU.ActiveCfg = Debug|Any CPU
		{758DA380-6313-4035-B959-57E0DE5818C8}.Debug|Any CPU.Build.0 = Debug|Any CPU
		{758DA380-6313-4035-B959-57E0DE5818C8}.Release|Any CPU.ActiveCfg = Release|Any CPU
		{758DA380-6313-4035-B959-57E0DE5818C8}.Release|Any CPU.Build.0 = Release|Any CPU
	EndGlobalSection
	GlobalSection(SolutionProperties) = preSolution
		HideSolutionNode = FALSE
	EndGlobalSection
	GlobalSection(ExtensibilityGlobals) = postSolution
		SolutionGuid = {85EE9D12-DB48-40F6-AEDD-912E5C251BEB}
	EndGlobalSection
EndGlobal
